// !$*UTF8*$!
{
	archiveVersion = 1;
	classes = {
	};
	objectVersion = 46;
	objects = {

/* Begin PBXBuildFile section */
		3761AB7017ED21A800F64EF6 /* MapKit.framework in Frameworks */ = {isa = PBXBuildFile; fileRef = 3761AB6F17ED21A800F64EF6 /* MapKit.framework */; };
		3761AB7617ED2F4A00F64EF6 /* MAGMapOverlay.m in Sources */ = {isa = PBXBuildFile; fileRef = 3761AB7517ED2F4A00F64EF6 /* MAGMapOverlay.m */; };
		3761AB7917ED316400F64EF6 /* MAGMapOverlayView.m in Sources */ = {isa = PBXBuildFile; fileRef = 3761AB7817ED316400F64EF6 /* MAGMapOverlayView.m */; };
		37620B4118246DD900BD5B63 /* DMC_Resource_Data.json in Resources */ = {isa = PBXBuildFile; fileRef = 37620B4018246DD900BD5B63 /* DMC_Resource_Data.json */; };
		376E5536180762AF00DEFD98 /* MAGBeacon.m in Sources */ = {isa = PBXBuildFile; fileRef = 376E5535180762AF00DEFD98 /* MAGBeacon.m */; };
		377076FD17FF96BA00F71B87 /* AVFoundation.framework in Frameworks */ = {isa = PBXBuildFile; fileRef = 377076FC17FF96BA00F71B87 /* AVFoundation.framework */; };
		377076FF17FF96C200F71B87 /* CoreData.framework in Frameworks */ = {isa = PBXBuildFile; fileRef = 377076FE17FF96C200F71B87 /* CoreData.framework */; };
		3770770117FF96C900F71B87 /* CoreLocation.framework in Frameworks */ = {isa = PBXBuildFile; fileRef = 3770770017FF96C900F71B87 /* CoreLocation.framework */; };
		3770770317FF96D200F71B87 /* CoreText.framework in Frameworks */ = {isa = PBXBuildFile; fileRef = 3770770217FF96D200F71B87 /* CoreText.framework */; };
		3770770517FF96DC00F71B87 /* GLKit.framework in Frameworks */ = {isa = PBXBuildFile; fileRef = 3770770417FF96DC00F71B87 /* GLKit.framework */; };
		3770770717FF96E200F71B87 /* ImageIO.framework in Frameworks */ = {isa = PBXBuildFile; fileRef = 3770770617FF96E200F71B87 /* ImageIO.framework */; };
		3770770917FF96EB00F71B87 /* libc++.dylib in Frameworks */ = {isa = PBXBuildFile; fileRef = 3770770817FF96EB00F71B87 /* libc++.dylib */; };
		3770770B17FF96F200F71B87 /* libicucore.dylib in Frameworks */ = {isa = PBXBuildFile; fileRef = 3770770A17FF96F200F71B87 /* libicucore.dylib */; };
		3770770D17FF96F900F71B87 /* libz.dylib in Frameworks */ = {isa = PBXBuildFile; fileRef = 3770770C17FF96F900F71B87 /* libz.dylib */; };
		3770770F17FF96FF00F71B87 /* OpenGLES.framework in Frameworks */ = {isa = PBXBuildFile; fileRef = 3770770E17FF96FF00F71B87 /* OpenGLES.framework */; };
		3770771117FF970600F71B87 /* QuartzCore.framework in Frameworks */ = {isa = PBXBuildFile; fileRef = 3770771017FF970600F71B87 /* QuartzCore.framework */; };
		3770771317FF971500F71B87 /* SystemConfiguration.framework in Frameworks */ = {isa = PBXBuildFile; fileRef = 3770771217FF971500F71B87 /* SystemConfiguration.framework */; };
		378A165918246A1E009A8A12 /* PointOfInterests.m in Sources */ = {isa = PBXBuildFile; fileRef = 378A165818246A1E009A8A12 /* PointOfInterests.m */; };
		378A165C18246A1E009A8A12 /* Buildings.m in Sources */ = {isa = PBXBuildFile; fileRef = 378A165B18246A1E009A8A12 /* Buildings.m */; };
		378A165F18246A1E009A8A12 /* Beacons.m in Sources */ = {isa = PBXBuildFile; fileRef = 378A165E18246A1E009A8A12 /* Beacons.m */; };
		378A166218246A1F009A8A12 /* Icons.m in Sources */ = {isa = PBXBuildFile; fileRef = 378A166118246A1F009A8A12 /* Icons.m */; };
		378A166518246A1F009A8A12 /* Areas.m in Sources */ = {isa = PBXBuildFile; fileRef = 378A166418246A1F009A8A12 /* Areas.m */; };
		378A166818246A1F009A8A12 /* Categories.m in Sources */ = {isa = PBXBuildFile; fileRef = 378A166718246A1F009A8A12 /* Categories.m */; };
		378A166B18246A1F009A8A12 /* Locations.m in Sources */ = {isa = PBXBuildFile; fileRef = 378A166A18246A1F009A8A12 /* Locations.m */; };
		378A166E18246A1F009A8A12 /* Polygons.m in Sources */ = {isa = PBXBuildFile; fileRef = 378A166D18246A1F009A8A12 /* Polygons.m */; };
		378A167118246A1F009A8A12 /* SubAreas.m in Sources */ = {isa = PBXBuildFile; fileRef = 378A167018246A1F009A8A12 /* SubAreas.m */; };
		37A77CB21835962C004442EC /* Main_iPhone.storyboard in Resources */ = {isa = PBXBuildFile; fileRef = 37A77CB11835962C004442EC /* Main_iPhone.storyboard */; };
		37D54A271811F298000B9BD1 /* GoogleMaps.framework in Frameworks */ = {isa = PBXBuildFile; fileRef = 37D54A261811F298000B9BD1 /* GoogleMaps.framework */; };
		37D54A291811F2A5000B9BD1 /* GoogleMaps.bundle in Resources */ = {isa = PBXBuildFile; fileRef = 37D54A281811F2A5000B9BD1 /* GoogleMaps.bundle */; };
		37D54A2C1811F60E000B9BD1 /* DMC1stfloor.png in Resources */ = {isa = PBXBuildFile; fileRef = 37D54A2A1811F60E000B9BD1 /* DMC1stfloor.png */; };
		37D54A2D1811F60E000B9BD1 /* DMC2nfloor.png in Resources */ = {isa = PBXBuildFile; fileRef = 37D54A2B1811F60E000B9BD1 /* DMC2nfloor.png */; };
		37D54A7118120D17000B9BD1 /* navio.xcdatamodeld in Sources */ = {isa = PBXBuildFile; fileRef = 37D54A6F18120D17000B9BD1 /* navio.xcdatamodeld */; };
		37E57DD017ED16C60090A957 /* Foundation.framework in Frameworks */ = {isa = PBXBuildFile; fileRef = 37E57DCF17ED16C60090A957 /* Foundation.framework */; };
		37E57DD217ED16C60090A957 /* CoreGraphics.framework in Frameworks */ = {isa = PBXBuildFile; fileRef = 37E57DD117ED16C60090A957 /* CoreGraphics.framework */; };
		37E57DD417ED16C60090A957 /* UIKit.framework in Frameworks */ = {isa = PBXBuildFile; fileRef = 37E57DD317ED16C60090A957 /* UIKit.framework */; };
		37E57DDA17ED16C60090A957 /* InfoPlist.strings in Resources */ = {isa = PBXBuildFile; fileRef = 37E57DD817ED16C60090A957 /* InfoPlist.strings */; };
		37E57DDC17ED16C60090A957 /* main.m in Sources */ = {isa = PBXBuildFile; fileRef = 37E57DDB17ED16C60090A957 /* main.m */; };
		37E57DE017ED16C60090A957 /* MAGAppDelegate.m in Sources */ = {isa = PBXBuildFile; fileRef = 37E57DDF17ED16C60090A957 /* MAGAppDelegate.m */; };
		37E57DE617ED16C60090A957 /* Main_iPad.storyboard in Resources */ = {isa = PBXBuildFile; fileRef = 37E57DE417ED16C60090A957 /* Main_iPad.storyboard */; };
		37E57DE917ED16C60090A957 /* MAGViewController.m in Sources */ = {isa = PBXBuildFile; fileRef = 37E57DE817ED16C60090A957 /* MAGViewController.m */; };
		37E57DEB17ED16C60090A957 /* Images.xcassets in Resources */ = {isa = PBXBuildFile; fileRef = 37E57DEA17ED16C60090A957 /* Images.xcassets */; };
		37E57DF217ED16C60090A957 /* XCTest.framework in Frameworks */ = {isa = PBXBuildFile; fileRef = 37E57DF117ED16C60090A957 /* XCTest.framework */; };
		37E57DF317ED16C60090A957 /* Foundation.framework in Frameworks */ = {isa = PBXBuildFile; fileRef = 37E57DCF17ED16C60090A957 /* Foundation.framework */; };
		37E57DF417ED16C60090A957 /* UIKit.framework in Frameworks */ = {isa = PBXBuildFile; fileRef = 37E57DD317ED16C60090A957 /* UIKit.framework */; };
		37E57DFC17ED16C60090A957 /* InfoPlist.strings in Resources */ = {isa = PBXBuildFile; fileRef = 37E57DFA17ED16C60090A957 /* InfoPlist.strings */; };
		37E57DFE17ED16C60090A957 /* Nav_ioTests.m in Sources */ = {isa = PBXBuildFile; fileRef = 37E57DFD17ED16C60090A957 /* Nav_ioTests.m */; };
/* End PBXBuildFile section */

/* Begin PBXContainerItemProxy section */
		37E57DF517ED16C60090A957 /* PBXContainerItemProxy */ = {
			isa = PBXContainerItemProxy;
			containerPortal = 37E57DC417ED16C60090A957 /* Project object */;
			proxyType = 1;
			remoteGlobalIDString = 37E57DCB17ED16C60090A957;
			remoteInfo = Nav.io;
		};
/* End PBXContainerItemProxy section */

/* Begin PBXFileReference section */
		3761AB6F17ED21A800F64EF6 /* MapKit.framework */ = {isa = PBXFileReference; lastKnownFileType = wrapper.framework; name = MapKit.framework; path = System/Library/Frameworks/MapKit.framework; sourceTree = SDKROOT; };
		3761AB7417ED2F4A00F64EF6 /* MAGMapOverlay.h */ = {isa = PBXFileReference; fileEncoding = 4; lastKnownFileType = sourcecode.c.h; path = MAGMapOverlay.h; sourceTree = "<group>"; };
		3761AB7517ED2F4A00F64EF6 /* MAGMapOverlay.m */ = {isa = PBXFileReference; fileEncoding = 4; lastKnownFileType = sourcecode.c.objc; path = MAGMapOverlay.m; sourceTree = "<group>"; };
		3761AB7717ED316400F64EF6 /* MAGMapOverlayView.h */ = {isa = PBXFileReference; fileEncoding = 4; lastKnownFileType = sourcecode.c.h; path = MAGMapOverlayView.h; sourceTree = "<group>"; };
		3761AB7817ED316400F64EF6 /* MAGMapOverlayView.m */ = {isa = PBXFileReference; fileEncoding = 4; lastKnownFileType = sourcecode.c.objc; path = MAGMapOverlayView.m; sourceTree = "<group>"; };
		37620B4018246DD900BD5B63 /* DMC_Resource_Data.json */ = {isa = PBXFileReference; fileEncoding = 4; lastKnownFileType = text.json; name = DMC_Resource_Data.json; path = coreData/DMC_Resource_Data.json; sourceTree = "<group>"; };
		376E5534180762AF00DEFD98 /* MAGBeacon.h */ = {isa = PBXFileReference; fileEncoding = 4; lastKnownFileType = sourcecode.c.h; path = MAGBeacon.h; sourceTree = "<group>"; };
		376E5535180762AF00DEFD98 /* MAGBeacon.m */ = {isa = PBXFileReference; fileEncoding = 4; lastKnownFileType = sourcecode.c.objc; path = MAGBeacon.m; sourceTree = "<group>"; };
		377076FC17FF96BA00F71B87 /* AVFoundation.framework */ = {isa = PBXFileReference; lastKnownFileType = wrapper.framework; name = AVFoundation.framework; path = System/Library/Frameworks/AVFoundation.framework; sourceTree = SDKROOT; };
		377076FE17FF96C200F71B87 /* CoreData.framework */ = {isa = PBXFileReference; lastKnownFileType = wrapper.framework; name = CoreData.framework; path = System/Library/Frameworks/CoreData.framework; sourceTree = SDKROOT; };
		3770770017FF96C900F71B87 /* CoreLocation.framework */ = {isa = PBXFileReference; lastKnownFileType = wrapper.framework; name = CoreLocation.framework; path = System/Library/Frameworks/CoreLocation.framework; sourceTree = SDKROOT; };
		3770770217FF96D200F71B87 /* CoreText.framework */ = {isa = PBXFileReference; lastKnownFileType = wrapper.framework; name = CoreText.framework; path = System/Library/Frameworks/CoreText.framework; sourceTree = SDKROOT; };
		3770770417FF96DC00F71B87 /* GLKit.framework */ = {isa = PBXFileReference; lastKnownFileType = wrapper.framework; name = GLKit.framework; path = System/Library/Frameworks/GLKit.framework; sourceTree = SDKROOT; };
		3770770617FF96E200F71B87 /* ImageIO.framework */ = {isa = PBXFileReference; lastKnownFileType = wrapper.framework; name = ImageIO.framework; path = System/Library/Frameworks/ImageIO.framework; sourceTree = SDKROOT; };
		3770770817FF96EB00F71B87 /* libc++.dylib */ = {isa = PBXFileReference; lastKnownFileType = "compiled.mach-o.dylib"; name = "libc++.dylib"; path = "usr/lib/libc++.dylib"; sourceTree = SDKROOT; };
		3770770A17FF96F200F71B87 /* libicucore.dylib */ = {isa = PBXFileReference; lastKnownFileType = "compiled.mach-o.dylib"; name = libicucore.dylib; path = usr/lib/libicucore.dylib; sourceTree = SDKROOT; };
		3770770C17FF96F900F71B87 /* libz.dylib */ = {isa = PBXFileReference; lastKnownFileType = "compiled.mach-o.dylib"; name = libz.dylib; path = usr/lib/libz.dylib; sourceTree = SDKROOT; };
		3770770E17FF96FF00F71B87 /* OpenGLES.framework */ = {isa = PBXFileReference; lastKnownFileType = wrapper.framework; name = OpenGLES.framework; path = System/Library/Frameworks/OpenGLES.framework; sourceTree = SDKROOT; };
		3770771017FF970600F71B87 /* QuartzCore.framework */ = {isa = PBXFileReference; lastKnownFileType = wrapper.framework; name = QuartzCore.framework; path = System/Library/Frameworks/QuartzCore.framework; sourceTree = SDKROOT; };
		3770771217FF971500F71B87 /* SystemConfiguration.framework */ = {isa = PBXFileReference; lastKnownFileType = wrapper.framework; name = SystemConfiguration.framework; path = System/Library/Frameworks/SystemConfiguration.framework; sourceTree = SDKROOT; };
		378A165718246A1E009A8A12 /* PointOfInterests.h */ = {isa = PBXFileReference; fileEncoding = 4; lastKnownFileType = sourcecode.c.h; name = PointOfInterests.h; path = coreData/PointOfInterests.h; sourceTree = "<group>"; };
		378A165818246A1E009A8A12 /* PointOfInterests.m */ = {isa = PBXFileReference; fileEncoding = 4; lastKnownFileType = sourcecode.c.objc; name = PointOfInterests.m; path = coreData/PointOfInterests.m; sourceTree = "<group>"; };
		378A165A18246A1E009A8A12 /* Buildings.h */ = {isa = PBXFileReference; fileEncoding = 4; lastKnownFileType = sourcecode.c.h; name = Buildings.h; path = coreData/Buildings.h; sourceTree = "<group>"; };
		378A165B18246A1E009A8A12 /* Buildings.m */ = {isa = PBXFileReference; fileEncoding = 4; lastKnownFileType = sourcecode.c.objc; name = Buildings.m; path = coreData/Buildings.m; sourceTree = "<group>"; };
		378A165D18246A1E009A8A12 /* Beacons.h */ = {isa = PBXFileReference; fileEncoding = 4; lastKnownFileType = sourcecode.c.h; name = Beacons.h; path = coreData/Beacons.h; sourceTree = "<group>"; };
		378A165E18246A1E009A8A12 /* Beacons.m */ = {isa = PBXFileReference; fileEncoding = 4; lastKnownFileType = sourcecode.c.objc; name = Beacons.m; path = coreData/Beacons.m; sourceTree = "<group>"; };
		378A166018246A1F009A8A12 /* Icons.h */ = {isa = PBXFileReference; fileEncoding = 4; lastKnownFileType = sourcecode.c.h; name = Icons.h; path = coreData/Icons.h; sourceTree = "<group>"; };
		378A166118246A1F009A8A12 /* Icons.m */ = {isa = PBXFileReference; fileEncoding = 4; lastKnownFileType = sourcecode.c.objc; name = Icons.m; path = coreData/Icons.m; sourceTree = "<group>"; };
		378A166318246A1F009A8A12 /* Areas.h */ = {isa = PBXFileReference; fileEncoding = 4; lastKnownFileType = sourcecode.c.h; name = Areas.h; path = coreData/Areas.h; sourceTree = "<group>"; };
		378A166418246A1F009A8A12 /* Areas.m */ = {isa = PBXFileReference; fileEncoding = 4; lastKnownFileType = sourcecode.c.objc; name = Areas.m; path = coreData/Areas.m; sourceTree = "<group>"; };
		378A166618246A1F009A8A12 /* Categories.h */ = {isa = PBXFileReference; fileEncoding = 4; lastKnownFileType = sourcecode.c.h; name = Categories.h; path = coreData/Categories.h; sourceTree = "<group>"; };
		378A166718246A1F009A8A12 /* Categories.m */ = {isa = PBXFileReference; fileEncoding = 4; lastKnownFileType = sourcecode.c.objc; name = Categories.m; path = coreData/Categories.m; sourceTree = "<group>"; };
		378A166918246A1F009A8A12 /* Locations.h */ = {isa = PBXFileReference; fileEncoding = 4; lastKnownFileType = sourcecode.c.h; name = Locations.h; path = coreData/Locations.h; sourceTree = "<group>"; };
		378A166A18246A1F009A8A12 /* Locations.m */ = {isa = PBXFileReference; fileEncoding = 4; lastKnownFileType = sourcecode.c.objc; name = Locations.m; path = coreData/Locations.m; sourceTree = "<group>"; };
		378A166C18246A1F009A8A12 /* Polygons.h */ = {isa = PBXFileReference; fileEncoding = 4; lastKnownFileType = sourcecode.c.h; name = Polygons.h; path = coreData/Polygons.h; sourceTree = "<group>"; };
		378A166D18246A1F009A8A12 /* Polygons.m */ = {isa = PBXFileReference; fileEncoding = 4; lastKnownFileType = sourcecode.c.objc; name = Polygons.m; path = coreData/Polygons.m; sourceTree = "<group>"; };
		378A166F18246A1F009A8A12 /* SubAreas.h */ = {isa = PBXFileReference; fileEncoding = 4; lastKnownFileType = sourcecode.c.h; name = SubAreas.h; path = coreData/SubAreas.h; sourceTree = "<group>"; };
		378A167018246A1F009A8A12 /* SubAreas.m */ = {isa = PBXFileReference; fileEncoding = 4; lastKnownFileType = sourcecode.c.objc; name = SubAreas.m; path = coreData/SubAreas.m; sourceTree = "<group>"; };
		37A77CB11835962C004442EC /* Main_iPhone.storyboard */ = {isa = PBXFileReference; fileEncoding = 4; lastKnownFileType = file.storyboard; path = Main_iPhone.storyboard; sourceTree = "<group>"; };
		37D54A261811F298000B9BD1 /* GoogleMaps.framework */ = {isa = PBXFileReference; lastKnownFileType = wrapper.framework; path = GoogleMaps.framework; sourceTree = "<group>"; };
		37D54A281811F2A5000B9BD1 /* GoogleMaps.bundle */ = {isa = PBXFileReference; lastKnownFileType = "wrapper.plug-in"; name = GoogleMaps.bundle; path = GoogleMaps.framework/Versions/A/Resources/GoogleMaps.bundle; sourceTree = "<group>"; };
		37D54A2A1811F60E000B9BD1 /* DMC1stfloor.png */ = {isa = PBXFileReference; lastKnownFileType = image.png; path = DMC1stfloor.png; sourceTree = "<group>"; };
		37D54A2B1811F60E000B9BD1 /* DMC2nfloor.png */ = {isa = PBXFileReference; lastKnownFileType = image.png; path = DMC2nfloor.png; sourceTree = "<group>"; };
		37D54A7018120D17000B9BD1 /* navio.xcdatamodel */ = {isa = PBXFileReference; lastKnownFileType = wrapper.xcdatamodel; path = navio.xcdatamodel; sourceTree = "<group>"; };
		37E57DCC17ED16C60090A957 /* Nav.io.app */ = {isa = PBXFileReference; explicitFileType = wrapper.application; includeInIndex = 0; path = Nav.io.app; sourceTree = BUILT_PRODUCTS_DIR; };
		37E57DCF17ED16C60090A957 /* Foundation.framework */ = {isa = PBXFileReference; lastKnownFileType = wrapper.framework; name = Foundation.framework; path = System/Library/Frameworks/Foundation.framework; sourceTree = SDKROOT; };
		37E57DD117ED16C60090A957 /* CoreGraphics.framework */ = {isa = PBXFileReference; lastKnownFileType = wrapper.framework; name = CoreGraphics.framework; path = System/Library/Frameworks/CoreGraphics.framework; sourceTree = SDKROOT; };
		37E57DD317ED16C60090A957 /* UIKit.framework */ = {isa = PBXFileReference; lastKnownFileType = wrapper.framework; name = UIKit.framework; path = System/Library/Frameworks/UIKit.framework; sourceTree = SDKROOT; };
		37E57DD717ED16C60090A957 /* Nav.io-Info.plist */ = {isa = PBXFileReference; lastKnownFileType = text.plist.xml; path = "Nav.io-Info.plist"; sourceTree = "<group>"; };
		37E57DD917ED16C60090A957 /* en */ = {isa = PBXFileReference; lastKnownFileType = text.plist.strings; name = en; path = en.lproj/InfoPlist.strings; sourceTree = "<group>"; };
		37E57DDB17ED16C60090A957 /* main.m */ = {isa = PBXFileReference; lastKnownFileType = sourcecode.c.objc; path = main.m; sourceTree = "<group>"; };
		37E57DDD17ED16C60090A957 /* Nav.io-Prefix.pch */ = {isa = PBXFileReference; lastKnownFileType = sourcecode.c.h; path = "Nav.io-Prefix.pch"; sourceTree = "<group>"; };
		37E57DDE17ED16C60090A957 /* MAGAppDelegate.h */ = {isa = PBXFileReference; lastKnownFileType = sourcecode.c.h; path = MAGAppDelegate.h; sourceTree = "<group>"; };
		37E57DDF17ED16C60090A957 /* MAGAppDelegate.m */ = {isa = PBXFileReference; lastKnownFileType = sourcecode.c.objc; path = MAGAppDelegate.m; sourceTree = "<group>"; };
		37E57DE517ED16C60090A957 /* Base */ = {isa = PBXFileReference; lastKnownFileType = file.storyboard; name = Base; path = Base.lproj/Main_iPad.storyboard; sourceTree = "<group>"; };
		37E57DE717ED16C60090A957 /* MAGViewController.h */ = {isa = PBXFileReference; lastKnownFileType = sourcecode.c.h; path = MAGViewController.h; sourceTree = "<group>"; };
		37E57DE817ED16C60090A957 /* MAGViewController.m */ = {isa = PBXFileReference; lastKnownFileType = sourcecode.c.objc; path = MAGViewController.m; sourceTree = "<group>"; };
		37E57DEA17ED16C60090A957 /* Images.xcassets */ = {isa = PBXFileReference; lastKnownFileType = folder.assetcatalog; path = Images.xcassets; sourceTree = "<group>"; };
		37E57DF017ED16C60090A957 /* Nav.ioTests.xctest */ = {isa = PBXFileReference; explicitFileType = wrapper.cfbundle; includeInIndex = 0; path = Nav.ioTests.xctest; sourceTree = BUILT_PRODUCTS_DIR; };
		37E57DF117ED16C60090A957 /* XCTest.framework */ = {isa = PBXFileReference; lastKnownFileType = wrapper.framework; name = XCTest.framework; path = Library/Frameworks/XCTest.framework; sourceTree = DEVELOPER_DIR; };
		37E57DF917ED16C60090A957 /* Nav.ioTests-Info.plist */ = {isa = PBXFileReference; lastKnownFileType = text.plist.xml; path = "Nav.ioTests-Info.plist"; sourceTree = "<group>"; };
		37E57DFB17ED16C60090A957 /* en */ = {isa = PBXFileReference; lastKnownFileType = text.plist.strings; name = en; path = en.lproj/InfoPlist.strings; sourceTree = "<group>"; };
		37E57DFD17ED16C60090A957 /* Nav_ioTests.m */ = {isa = PBXFileReference; lastKnownFileType = sourcecode.c.objc; path = Nav_ioTests.m; sourceTree = "<group>"; };
/* End PBXFileReference section */

/* Begin PBXFrameworksBuildPhase section */
		37E57DC917ED16C60090A957 /* Frameworks */ = {
			isa = PBXFrameworksBuildPhase;
			buildActionMask = 2147483647;
			files = (
				3770771317FF971500F71B87 /* SystemConfiguration.framework in Frameworks */,
				3770771117FF970600F71B87 /* QuartzCore.framework in Frameworks */,
				3770770F17FF96FF00F71B87 /* OpenGLES.framework in Frameworks */,
				3770770D17FF96F900F71B87 /* libz.dylib in Frameworks */,
				3770770B17FF96F200F71B87 /* libicucore.dylib in Frameworks */,
				3770770917FF96EB00F71B87 /* libc++.dylib in Frameworks */,
				3770770717FF96E200F71B87 /* ImageIO.framework in Frameworks */,
				3770770517FF96DC00F71B87 /* GLKit.framework in Frameworks */,
				3770770317FF96D200F71B87 /* CoreText.framework in Frameworks */,
				3770770117FF96C900F71B87 /* CoreLocation.framework in Frameworks */,
				377076FF17FF96C200F71B87 /* CoreData.framework in Frameworks */,
				377076FD17FF96BA00F71B87 /* AVFoundation.framework in Frameworks */,
				3761AB7017ED21A800F64EF6 /* MapKit.framework in Frameworks */,
				37E57DD217ED16C60090A957 /* CoreGraphics.framework in Frameworks */,
				37D54A271811F298000B9BD1 /* GoogleMaps.framework in Frameworks */,
				37E57DD417ED16C60090A957 /* UIKit.framework in Frameworks */,
				37E57DD017ED16C60090A957 /* Foundation.framework in Frameworks */,
			);
			runOnlyForDeploymentPostprocessing = 0;
		};
		37E57DED17ED16C60090A957 /* Frameworks */ = {
			isa = PBXFrameworksBuildPhase;
			buildActionMask = 2147483647;
			files = (
				37E57DF217ED16C60090A957 /* XCTest.framework in Frameworks */,
				37E57DF417ED16C60090A957 /* UIKit.framework in Frameworks */,
				37E57DF317ED16C60090A957 /* Foundation.framework in Frameworks */,
			);
			runOnlyForDeploymentPostprocessing = 0;
		};
/* End PBXFrameworksBuildPhase section */

/* Begin PBXGroup section */
		3761AB7317ED2AF300F64EF6 /* Images */ = {
			isa = PBXGroup;
			children = (
				37D54A2A1811F60E000B9BD1 /* DMC1stfloor.png */,
				37D54A2B1811F60E000B9BD1 /* DMC2nfloor.png */,
			);
			name = Images;
			sourceTree = "<group>";
		};
		378A167218246A31009A8A12 /* coreData */ = {
			isa = PBXGroup;
			children = (
				37620B4018246DD900BD5B63 /* DMC_Resource_Data.json */,
				378A166F18246A1F009A8A12 /* SubAreas.h */,
				378A167018246A1F009A8A12 /* SubAreas.m */,
				378A166C18246A1F009A8A12 /* Polygons.h */,
				378A166D18246A1F009A8A12 /* Polygons.m */,
				378A166918246A1F009A8A12 /* Locations.h */,
				378A166A18246A1F009A8A12 /* Locations.m */,
				378A166618246A1F009A8A12 /* Categories.h */,
				378A166718246A1F009A8A12 /* Categories.m */,
				378A166318246A1F009A8A12 /* Areas.h */,
				378A166418246A1F009A8A12 /* Areas.m */,
				378A166018246A1F009A8A12 /* Icons.h */,
				378A166118246A1F009A8A12 /* Icons.m */,
				378A165D18246A1E009A8A12 /* Beacons.h */,
				378A165E18246A1E009A8A12 /* Beacons.m */,
				378A165A18246A1E009A8A12 /* Buildings.h */,
				378A165B18246A1E009A8A12 /* Buildings.m */,
				378A165718246A1E009A8A12 /* PointOfInterests.h */,
				378A165818246A1E009A8A12 /* PointOfInterests.m */,
			);
			name = coreData;
			sourceTree = "<group>";
		};
		37E57DC317ED16C60090A957 = {
			isa = PBXGroup;
			children = (
				37E57DD517ED16C60090A957 /* Nav.io */,
				37E57DF717ED16C60090A957 /* Nav.ioTests */,
				37E57DCE17ED16C60090A957 /* Frameworks */,
				37E57DCD17ED16C60090A957 /* Products */,
			);
			sourceTree = "<group>";
		};
		37E57DCD17ED16C60090A957 /* Products */ = {
			isa = PBXGroup;
			children = (
				37E57DCC17ED16C60090A957 /* Nav.io.app */,
				37E57DF017ED16C60090A957 /* Nav.ioTests.xctest */,
			);
			name = Products;
			sourceTree = "<group>";
		};
		37E57DCE17ED16C60090A957 /* Frameworks */ = {
			isa = PBXGroup;
			children = (
				37D54A281811F2A5000B9BD1 /* GoogleMaps.bundle */,
				37D54A261811F298000B9BD1 /* GoogleMaps.framework */,
				3770771217FF971500F71B87 /* SystemConfiguration.framework */,
				3770771017FF970600F71B87 /* QuartzCore.framework */,
				3770770E17FF96FF00F71B87 /* OpenGLES.framework */,
				3770770C17FF96F900F71B87 /* libz.dylib */,
				3770770A17FF96F200F71B87 /* libicucore.dylib */,
				3770770817FF96EB00F71B87 /* libc++.dylib */,
				3770770617FF96E200F71B87 /* ImageIO.framework */,
				3770770417FF96DC00F71B87 /* GLKit.framework */,
				3770770217FF96D200F71B87 /* CoreText.framework */,
				3770770017FF96C900F71B87 /* CoreLocation.framework */,
				377076FE17FF96C200F71B87 /* CoreData.framework */,
				377076FC17FF96BA00F71B87 /* AVFoundation.framework */,
				3761AB6F17ED21A800F64EF6 /* MapKit.framework */,
				37E57DCF17ED16C60090A957 /* Foundation.framework */,
				37E57DD117ED16C60090A957 /* CoreGraphics.framework */,
				37E57DD317ED16C60090A957 /* UIKit.framework */,
				37E57DF117ED16C60090A957 /* XCTest.framework */,
			);
			name = Frameworks;
			sourceTree = "<group>";
		};
		37E57DD517ED16C60090A957 /* Nav.io */ = {
			isa = PBXGroup;
			children = (
				37E57DDE17ED16C60090A957 /* MAGAppDelegate.h */,
				37E57DDF17ED16C60090A957 /* MAGAppDelegate.m */,
				37A77CB11835962C004442EC /* Main_iPhone.storyboard */,
				37E57DE417ED16C60090A957 /* Main_iPad.storyboard */,
				37E57DE717ED16C60090A957 /* MAGViewController.h */,
				37E57DE817ED16C60090A957 /* MAGViewController.m */,
				3761AB7417ED2F4A00F64EF6 /* MAGMapOverlay.h */,
				3761AB7517ED2F4A00F64EF6 /* MAGMapOverlay.m */,
				3761AB7717ED316400F64EF6 /* MAGMapOverlayView.h */,
				3761AB7817ED316400F64EF6 /* MAGMapOverlayView.m */,
				37E57DEA17ED16C60090A957 /* Images.xcassets */,
				3761AB7317ED2AF300F64EF6 /* Images */,
				37E57DD617ED16C60090A957 /* Supporting Files */,
				376E5534180762AF00DEFD98 /* MAGBeacon.h */,
				376E5535180762AF00DEFD98 /* MAGBeacon.m */,
				37D54A6F18120D17000B9BD1 /* navio.xcdatamodeld */,
				378A167218246A31009A8A12 /* coreData */,
			);
			path = Nav.io;
			sourceTree = "<group>";
		};
		37E57DD617ED16C60090A957 /* Supporting Files */ = {
			isa = PBXGroup;
			children = (
				37E57DD717ED16C60090A957 /* Nav.io-Info.plist */,
				37E57DD817ED16C60090A957 /* InfoPlist.strings */,
				37E57DDB17ED16C60090A957 /* main.m */,
				37E57DDD17ED16C60090A957 /* Nav.io-Prefix.pch */,
			);
			name = "Supporting Files";
			sourceTree = "<group>";
		};
		37E57DF717ED16C60090A957 /* Nav.ioTests */ = {
			isa = PBXGroup;
			children = (
				37E57DFD17ED16C60090A957 /* Nav_ioTests.m */,
				37E57DF817ED16C60090A957 /* Supporting Files */,
			);
			path = Nav.ioTests;
			sourceTree = "<group>";
		};
		37E57DF817ED16C60090A957 /* Supporting Files */ = {
			isa = PBXGroup;
			children = (
				37E57DF917ED16C60090A957 /* Nav.ioTests-Info.plist */,
				37E57DFA17ED16C60090A957 /* InfoPlist.strings */,
			);
			name = "Supporting Files";
			sourceTree = "<group>";
		};
/* End PBXGroup section */

/* Begin PBXNativeTarget section */
		37E57DCB17ED16C60090A957 /* Nav.io */ = {
			isa = PBXNativeTarget;
			buildConfigurationList = 37E57E0117ED16C60090A957 /* Build configuration list for PBXNativeTarget "Nav.io" */;
			buildPhases = (
				37E57DC817ED16C60090A957 /* Sources */,
				37E57DC917ED16C60090A957 /* Frameworks */,
				37E57DCA17ED16C60090A957 /* Resources */,
			);
			buildRules = (
			);
			dependencies = (
			);
			name = Nav.io;
			productName = Nav.io;
			productReference = 37E57DCC17ED16C60090A957 /* Nav.io.app */;
			productType = "com.apple.product-type.application";
		};
		37E57DEF17ED16C60090A957 /* Nav.ioTests */ = {
			isa = PBXNativeTarget;
			buildConfigurationList = 37E57E0417ED16C60090A957 /* Build configuration list for PBXNativeTarget "Nav.ioTests" */;
			buildPhases = (
				37E57DEC17ED16C60090A957 /* Sources */,
				37E57DED17ED16C60090A957 /* Frameworks */,
				37E57DEE17ED16C60090A957 /* Resources */,
			);
			buildRules = (
			);
			dependencies = (
				37E57DF617ED16C60090A957 /* PBXTargetDependency */,
			);
			name = Nav.ioTests;
			productName = Nav.ioTests;
			productReference = 37E57DF017ED16C60090A957 /* Nav.ioTests.xctest */;
			productType = "com.apple.product-type.bundle.unit-test";
		};
/* End PBXNativeTarget section */

/* Begin PBXProject section */
		37E57DC417ED16C60090A957 /* Project object */ = {
			isa = PBXProject;
			attributes = {
				CLASSPREFIX = MAG;
				LastUpgradeCheck = 0500;
				ORGANIZATIONNAME = MAG;
				TargetAttributes = {
					37E57DEF17ED16C60090A957 = {
						TestTargetID = 37E57DCB17ED16C60090A957;
					};
				};
			};
			buildConfigurationList = 37E57DC717ED16C60090A957 /* Build configuration list for PBXProject "Nav.io" */;
			compatibilityVersion = "Xcode 3.2";
			developmentRegion = English;
			hasScannedForEncodings = 0;
			knownRegions = (
				en,
				Base,
			);
			mainGroup = 37E57DC317ED16C60090A957;
			productRefGroup = 37E57DCD17ED16C60090A957 /* Products */;
			projectDirPath = "";
			projectRoot = "";
			targets = (
				37E57DCB17ED16C60090A957 /* Nav.io */,
				37E57DEF17ED16C60090A957 /* Nav.ioTests */,
			);
		};
/* End PBXProject section */

/* Begin PBXResourcesBuildPhase section */
		37E57DCA17ED16C60090A957 /* Resources */ = {
			isa = PBXResourcesBuildPhase;
			buildActionMask = 2147483647;
			files = (
				37D54A2C1811F60E000B9BD1 /* DMC1stfloor.png in Resources */,
				37E57DE617ED16C60090A957 /* Main_iPad.storyboard in Resources */,
				37E57DEB17ED16C60090A957 /* Images.xcassets in Resources */,
				37D54A291811F2A5000B9BD1 /* GoogleMaps.bundle in Resources */,
				37A77CB21835962C004442EC /* Main_iPhone.storyboard in Resources */,
				37620B4118246DD900BD5B63 /* DMC_Resource_Data.json in Resources */,
				37D54A2D1811F60E000B9BD1 /* DMC2nfloor.png in Resources */,
				37E57DDA17ED16C60090A957 /* InfoPlist.strings in Resources */,
			);
			runOnlyForDeploymentPostprocessing = 0;
		};
		37E57DEE17ED16C60090A957 /* Resources */ = {
			isa = PBXResourcesBuildPhase;
			buildActionMask = 2147483647;
			files = (
				37E57DFC17ED16C60090A957 /* InfoPlist.strings in Resources */,
			);
			runOnlyForDeploymentPostprocessing = 0;
		};
/* End PBXResourcesBuildPhase section */

/* Begin PBXSourcesBuildPhase section */
		37E57DC817ED16C60090A957 /* Sources */ = {
			isa = PBXSourcesBuildPhase;
			buildActionMask = 2147483647;
			files = (
				378A166E18246A1F009A8A12 /* Polygons.m in Sources */,
				378A166218246A1F009A8A12 /* Icons.m in Sources */,
				3761AB7917ED316400F64EF6 /* MAGMapOverlayView.m in Sources */,
				376E5536180762AF00DEFD98 /* MAGBeacon.m in Sources */,
				37D54A7118120D17000B9BD1 /* navio.xcdatamodeld in Sources */,
				37E57DE017ED16C60090A957 /* MAGAppDelegate.m in Sources */,
				37E57DE917ED16C60090A957 /* MAGViewController.m in Sources */,
				378A166518246A1F009A8A12 /* Areas.m in Sources */,
				378A165F18246A1E009A8A12 /* Beacons.m in Sources */,
				378A166818246A1F009A8A12 /* Categories.m in Sources */,
				378A165918246A1E009A8A12 /* PointOfInterests.m in Sources */,
				378A167118246A1F009A8A12 /* SubAreas.m in Sources */,
				37E57DDC17ED16C60090A957 /* main.m in Sources */,
				3761AB7617ED2F4A00F64EF6 /* MAGMapOverlay.m in Sources */,
				378A166B18246A1F009A8A12 /* Locations.m in Sources */,
				378A165C18246A1E009A8A12 /* Buildings.m in Sources */,
			);
			runOnlyForDeploymentPostprocessing = 0;
		};
		37E57DEC17ED16C60090A957 /* Sources */ = {
			isa = PBXSourcesBuildPhase;
			buildActionMask = 2147483647;
			files = (
				37E57DFE17ED16C60090A957 /* Nav_ioTests.m in Sources */,
			);
			runOnlyForDeploymentPostprocessing = 0;
		};
/* End PBXSourcesBuildPhase section */

/* Begin PBXTargetDependency section */
		37E57DF617ED16C60090A957 /* PBXTargetDependency */ = {
			isa = PBXTargetDependency;
			target = 37E57DCB17ED16C60090A957 /* Nav.io */;
			targetProxy = 37E57DF517ED16C60090A957 /* PBXContainerItemProxy */;
		};
/* End PBXTargetDependency section */

/* Begin PBXVariantGroup section */
		37E57DD817ED16C60090A957 /* InfoPlist.strings */ = {
			isa = PBXVariantGroup;
			children = (
				37E57DD917ED16C60090A957 /* en */,
			);
			name = InfoPlist.strings;
			sourceTree = "<group>";
		};
		37E57DE417ED16C60090A957 /* Main_iPad.storyboard */ = {
			isa = PBXVariantGroup;
			children = (
				37E57DE517ED16C60090A957 /* Base */,
			);
			name = Main_iPad.storyboard;
			sourceTree = "<group>";
		};
		37E57DFA17ED16C60090A957 /* InfoPlist.strings */ = {
			isa = PBXVariantGroup;
			children = (
				37E57DFB17ED16C60090A957 /* en */,
			);
			name = InfoPlist.strings;
			sourceTree = "<group>";
		};
/* End PBXVariantGroup section */

/* Begin XCBuildConfiguration section */
		37E57DFF17ED16C60090A957 /* Debug */ = {
			isa = XCBuildConfiguration;
			buildSettings = {
				ALWAYS_SEARCH_USER_PATHS = NO;
				ARCHS = "$(ARCHS_STANDARD_INCLUDING_64_BIT)";
				CLANG_CXX_LANGUAGE_STANDARD = "gnu++0x";
				CLANG_CXX_LIBRARY = "libc++";
				CLANG_ENABLE_MODULES = YES;
				CLANG_ENABLE_OBJC_ARC = YES;
				CLANG_WARN_BOOL_CONVERSION = YES;
				CLANG_WARN_CONSTANT_CONVERSION = YES;
				CLANG_WARN_DIRECT_OBJC_ISA_USAGE = YES_ERROR;
				CLANG_WARN_EMPTY_BODY = YES;
				CLANG_WARN_ENUM_CONVERSION = YES;
				CLANG_WARN_INT_CONVERSION = YES;
				CLANG_WARN_OBJC_ROOT_CLASS = YES_ERROR;
				CLANG_WARN__DUPLICATE_METHOD_MATCH = YES;
				"CODE_SIGN_IDENTITY[sdk=iphoneos*]" = "iPhone Developer";
				COPY_PHASE_STRIP = NO;
				GCC_C_LANGUAGE_STANDARD = gnu99;
				GCC_DYNAMIC_NO_PIC = NO;
				GCC_OPTIMIZATION_LEVEL = 0;
				GCC_PREPROCESSOR_DEFINITIONS = (
					"DEBUG=1",
					"$(inherited)",
				);
				GCC_SYMBOLS_PRIVATE_EXTERN = NO;
				GCC_WARN_64_TO_32_BIT_CONVERSION = YES;
				GCC_WARN_ABOUT_RETURN_TYPE = YES_ERROR;
				GCC_WARN_UNDECLARED_SELECTOR = YES;
				GCC_WARN_UNINITIALIZED_AUTOS = YES;
				GCC_WARN_UNUSED_FUNCTION = YES;
				GCC_WARN_UNUSED_VARIABLE = YES;
				IPHONEOS_DEPLOYMENT_TARGET = 7.0;
				ONLY_ACTIVE_ARCH = YES;
				SDKROOT = iphoneos;
				TARGETED_DEVICE_FAMILY = "1,2";
			};
			name = Debug;
		};
		37E57E0017ED16C60090A957 /* Release */ = {
			isa = XCBuildConfiguration;
			buildSettings = {
				ALWAYS_SEARCH_USER_PATHS = NO;
				ARCHS = "$(ARCHS_STANDARD_INCLUDING_64_BIT)";
				CLANG_CXX_LANGUAGE_STANDARD = "gnu++0x";
				CLANG_CXX_LIBRARY = "libc++";
				CLANG_ENABLE_MODULES = YES;
				CLANG_ENABLE_OBJC_ARC = YES;
				CLANG_WARN_BOOL_CONVERSION = YES;
				CLANG_WARN_CONSTANT_CONVERSION = YES;
				CLANG_WARN_DIRECT_OBJC_ISA_USAGE = YES_ERROR;
				CLANG_WARN_EMPTY_BODY = YES;
				CLANG_WARN_ENUM_CONVERSION = YES;
				CLANG_WARN_INT_CONVERSION = YES;
				CLANG_WARN_OBJC_ROOT_CLASS = YES_ERROR;
				CLANG_WARN__DUPLICATE_METHOD_MATCH = YES;
				"CODE_SIGN_IDENTITY[sdk=iphoneos*]" = "iPhone Developer";
				COPY_PHASE_STRIP = YES;
				ENABLE_NS_ASSERTIONS = NO;
				GCC_C_LANGUAGE_STANDARD = gnu99;
				GCC_WARN_64_TO_32_BIT_CONVERSION = YES;
				GCC_WARN_ABOUT_RETURN_TYPE = YES_ERROR;
				GCC_WARN_UNDECLARED_SELECTOR = YES;
				GCC_WARN_UNINITIALIZED_AUTOS = YES;
				GCC_WARN_UNUSED_FUNCTION = YES;
				GCC_WARN_UNUSED_VARIABLE = YES;
				IPHONEOS_DEPLOYMENT_TARGET = 7.0;
				SDKROOT = iphoneos;
				TARGETED_DEVICE_FAMILY = "1,2";
				VALIDATE_PRODUCT = YES;
			};
			name = Release;
		};
		37E57E0217ED16C60090A957 /* Debug */ = {
			isa = XCBuildConfiguration;
			buildSettings = {
				ASSETCATALOG_COMPILER_APPICON_NAME = AppIcon;
				ASSETCATALOG_COMPILER_LAUNCHIMAGE_NAME = LaunchImage;
				FRAMEWORK_SEARCH_PATHS = (
					"$(inherited)",
					"/Users/allison/Documents/_University/|MAG|/NAVio/Navio\\ UI/Nav.io",
					"/Users/allison/Documents/_Programming/iOS/NAVio/Navio\\ UI/Nav.io",
				);
				GCC_PRECOMPILE_PREFIX_HEADER = YES;
				GCC_PREFIX_HEADER = "Nav.io/Nav.io-Prefix.pch";
				INFOPLIST_FILE = "Nav.io/Nav.io-Info.plist";
				OTHER_LDFLAGS = "-ObjC";
				PRODUCT_NAME = "$(TARGET_NAME)";
				WRAPPER_EXTENSION = app;
			};
			name = Debug;
		};
		37E57E0317ED16C60090A957 /* Release */ = {
			isa = XCBuildConfiguration;
			buildSettings = {
				ASSETCATALOG_COMPILER_APPICON_NAME = AppIcon;
				ASSETCATALOG_COMPILER_LAUNCHIMAGE_NAME = LaunchImage;
				FRAMEWORK_SEARCH_PATHS = (
					"$(inherited)",
					"/Users/allison/Documents/_University/|MAG|/NAVio/Navio\\ UI/Nav.io",
					"/Users/allison/Documents/_Programming/iOS/NAVio/Navio\\ UI/Nav.io",
				);
				GCC_PRECOMPILE_PREFIX_HEADER = YES;
				GCC_PREFIX_HEADER = "Nav.io/Nav.io-Prefix.pch";
				INFOPLIST_FILE = "Nav.io/Nav.io-Info.plist";
				OTHER_LDFLAGS = "-ObjC";
				PRODUCT_NAME = "$(TARGET_NAME)";
				WRAPPER_EXTENSION = app;
			};
			name = Release;
		};
		37E57E0517ED16C60090A957 /* Debug */ = {
			isa = XCBuildConfiguration;
			buildSettings = {
				ARCHS = "$(ARCHS_STANDARD_INCLUDING_64_BIT)";
				BUNDLE_LOADER = "$(BUILT_PRODUCTS_DIR)/Nav.io.app/Nav.io";
				FRAMEWORK_SEARCH_PATHS = (
					"$(SDKROOT)/Developer/Library/Frameworks",
					"$(inherited)",
					"$(DEVELOPER_FRAMEWORKS_DIR)",
				);
				GCC_PRECOMPILE_PREFIX_HEADER = YES;
				GCC_PREFIX_HEADER = "Nav.io/Nav.io-Prefix.pch";
				GCC_PREPROCESSOR_DEFINITIONS = (
					"DEBUG=1",
					"$(inherited)",
				);
				INFOPLIST_FILE = "Nav.ioTests/Nav.ioTests-Info.plist";
				PRODUCT_NAME = "$(TARGET_NAME)";
				TEST_HOST = "$(BUNDLE_LOADER)";
				WRAPPER_EXTENSION = xctest;
			};
			name = Debug;
		};
		37E57E0617ED16C60090A957 /* Release */ = {
			isa = XCBuildConfiguration;
			buildSettings = {
				ARCHS = "$(ARCHS_STANDARD_INCLUDING_64_BIT)";
				BUNDLE_LOADER = "$(BUILT_PRODUCTS_DIR)/Nav.io.app/Nav.io";
				FRAMEWORK_SEARCH_PATHS = (
					"$(SDKROOT)/Developer/Library/Frameworks",
					"$(inherited)",
					"$(DEVELOPER_FRAMEWORKS_DIR)",
				);
				GCC_PRECOMPILE_PREFIX_HEADER = YES;
				GCC_PREFIX_HEADER = "Nav.io/Nav.io-Prefix.pch";
				INFOPLIST_FILE = "Nav.ioTests/Nav.ioTests-Info.plist";
				PRODUCT_NAME = "$(TARGET_NAME)";
				TEST_HOST = "$(BUNDLE_LOADER)";
				WRAPPER_EXTENSION = xctest;
			};
			name = Release;
		};
/* End XCBuildConfiguration section */

/* Begin XCConfigurationList section */
		37E57DC717ED16C60090A957 /* Build configuration list for PBXProject "Nav.io" */ = {
			isa = XCConfigurationList;
			buildConfigurations = (
				37E57DFF17ED16C60090A957 /* Debug */,
				37E57E0017ED16C60090A957 /* Release */,
			);
			defaultConfigurationIsVisible = 0;
			defaultConfigurationName = Release;
		};
		37E57E0117ED16C60090A957 /* Build configuration list for PBXNativeTarget "Nav.io" */ = {
			isa = XCConfigurationList;
			buildConfigurations = (
				37E57E0217ED16C60090A957 /* Debug */,
				37E57E0317ED16C60090A957 /* Release */,
			);
			defaultConfigurationIsVisible = 0;
			defaultConfigurationName = Release;
		};
		37E57E0417ED16C60090A957 /* Build configuration list for PBXNativeTarget "Nav.ioTests" */ = {
			isa = XCConfigurationList;
			buildConfigurations = (
				37E57E0517ED16C60090A957 /* Debug */,
				37E57E0617ED16C60090A957 /* Release */,
			);
			defaultConfigurationIsVisible = 0;
			defaultConfigurationName = Release;
		};
/* End XCConfigurationList section */

/* Begin XCVersionGroup section */
		37D54A6F18120D17000B9BD1 /* navio.xcdatamodeld */ = {
			isa = XCVersionGroup;
			children = (
				37D54A7018120D17000B9BD1 /* navio.xcdatamodel */,
			);
			currentVersion = 37D54A7018120D17000B9BD1 /* navio.xcdatamodel */;
			path = navio.xcdatamodeld;
			sourceTree = "<group>";
			versionGroupType = wrapper.xcdatamodel;
		};
/* End XCVersionGroup section */
	};
	rootObject = 37E57DC417ED16C60090A957 /* Project object */;
}
