// !$*UTF8*$!
{
	archiveVersion = 1;
	classes = {
	};
	objectVersion = 46;
	objects = {

/* Begin PBXBuildFile section */
		634DE61817EF51DA004C2385 /* MessageUI.framework in Frameworks */ = {isa = PBXBuildFile; fileRef = 634DE61717EF51DA004C2385 /* MessageUI.framework */; };
		6395193117FA47F100631AEA /* CentralViewController.m in Sources */ = {isa = PBXBuildFile; fileRef = 6395193017FA47F100631AEA /* CentralViewController.m */; };
		63AFE76717EE468100D61ED4 /* Foundation.framework in Frameworks */ = {isa = PBXBuildFile; fileRef = 63AFE76617EE468100D61ED4 /* Foundation.framework */; };
		63AFE76917EE468100D61ED4 /* CoreGraphics.framework in Frameworks */ = {isa = PBXBuildFile; fileRef = 63AFE76817EE468100D61ED4 /* CoreGraphics.framework */; };
		63AFE76B17EE468100D61ED4 /* UIKit.framework in Frameworks */ = {isa = PBXBuildFile; fileRef = 63AFE76A17EE468100D61ED4 /* UIKit.framework */; };
		63AFE77117EE468100D61ED4 /* InfoPlist.strings in Resources */ = {isa = PBXBuildFile; fileRef = 63AFE76F17EE468100D61ED4 /* InfoPlist.strings */; };
		63AFE77317EE468100D61ED4 /* main.m in Sources */ = {isa = PBXBuildFile; fileRef = 63AFE77217EE468100D61ED4 /* main.m */; };
		63AFE77717EE468100D61ED4 /* NVAppDelegate.m in Sources */ = {isa = PBXBuildFile; fileRef = 63AFE77617EE468100D61ED4 /* NVAppDelegate.m */; };
		63AFE77A17EE468100D61ED4 /* Main_iPhone.storyboard in Resources */ = {isa = PBXBuildFile; fileRef = 63AFE77817EE468100D61ED4 /* Main_iPhone.storyboard */; };
		63AFE77D17EE468100D61ED4 /* Main_iPad.storyboard in Resources */ = {isa = PBXBuildFile; fileRef = 63AFE77B17EE468100D61ED4 /* Main_iPad.storyboard */; };
		63AFE78017EE468100D61ED4 /* NVViewController.m in Sources */ = {isa = PBXBuildFile; fileRef = 63AFE77F17EE468100D61ED4 /* NVViewController.m */; };
		63AFE78217EE468100D61ED4 /* Images.xcassets in Resources */ = {isa = PBXBuildFile; fileRef = 63AFE78117EE468100D61ED4 /* Images.xcassets */; };
		63AFE78917EE468100D61ED4 /* XCTest.framework in Frameworks */ = {isa = PBXBuildFile; fileRef = 63AFE78817EE468100D61ED4 /* XCTest.framework */; };
		63AFE78A17EE468100D61ED4 /* Foundation.framework in Frameworks */ = {isa = PBXBuildFile; fileRef = 63AFE76617EE468100D61ED4 /* Foundation.framework */; };
		63AFE78B17EE468100D61ED4 /* UIKit.framework in Frameworks */ = {isa = PBXBuildFile; fileRef = 63AFE76A17EE468100D61ED4 /* UIKit.framework */; };
		63AFE79317EE468100D61ED4 /* InfoPlist.strings in Resources */ = {isa = PBXBuildFile; fileRef = 63AFE79117EE468100D61ED4 /* InfoPlist.strings */; };
		63AFE79517EE468100D61ED4 /* Navio_beaconTests.m in Sources */ = {isa = PBXBuildFile; fileRef = 63AFE79417EE468100D61ED4 /* Navio_beaconTests.m */; };
		63DE58EE17EE4FF100484C5F /* CoreBluetooth.framework in Frameworks */ = {isa = PBXBuildFile; fileRef = 63DE58ED17EE4FF100484C5F /* CoreBluetooth.framework */; };
		63DE58F017EE4FF800484C5F /* CoreLocation.framework in Frameworks */ = {isa = PBXBuildFile; fileRef = 63DE58EF17EE4FF800484C5F /* CoreLocation.framework */; };
		63DE58F317EE505200484C5F /* BeaconViewController.m in Sources */ = {isa = PBXBuildFile; fileRef = 63DE58F217EE505200484C5F /* BeaconViewController.m */; };
		63DE58F917EE6FAC00484C5F /* LSU MAG graphic 640x1010.png in Resources */ = {isa = PBXBuildFile; fileRef = 63DE58F817EE6FAC00484C5F /* LSU MAG graphic 640x1010.png */; };
		63DE58FB17EE735300484C5F /* LSU MAG Graphic.jpg in Resources */ = {isa = PBXBuildFile; fileRef = 63DE58FA17EE735300484C5F /* LSU MAG Graphic.jpg */; };
		63DE58FE17EE838200484C5F /* StoredData.xcdatamodeld in Sources */ = {isa = PBXBuildFile; fileRef = 63DE58FC17EE838200484C5F /* StoredData.xcdatamodeld */; };
		63DE594117EE8ACE00484C5F /* CoreData.framework in Frameworks */ = {isa = PBXBuildFile; fileRef = 63DE594017EE8ACE00484C5F /* CoreData.framework */; };
		63F4A9211811E2DA00FF8F8B /* TriangluationViewController.m in Sources */ = {isa = PBXBuildFile; fileRef = 63F4A9201811E2DA00FF8F8B /* TriangluationViewController.m */; };
/* End PBXBuildFile section */

/* Begin PBXContainerItemProxy section */
		63AFE78C17EE468100D61ED4 /* PBXContainerItemProxy */ = {
			isa = PBXContainerItemProxy;
			containerPortal = 63AFE75B17EE468100D61ED4 /* Project object */;
			proxyType = 1;
			remoteGlobalIDString = 63AFE76217EE468100D61ED4;
			remoteInfo = "Navio-beacon";
		};
/* End PBXContainerItemProxy section */

/* Begin PBXFileReference section */
		634DE61717EF51DA004C2385 /* MessageUI.framework */ = {isa = PBXFileReference; lastKnownFileType = wrapper.framework; name = MessageUI.framework; path = System/Library/Frameworks/MessageUI.framework; sourceTree = SDKROOT; };
		6395192F17FA47F100631AEA /* CentralViewController.h */ = {isa = PBXFileReference; fileEncoding = 4; lastKnownFileType = sourcecode.c.h; path = CentralViewController.h; sourceTree = "<group>"; };
		6395193017FA47F100631AEA /* CentralViewController.m */ = {isa = PBXFileReference; fileEncoding = 4; lastKnownFileType = sourcecode.c.objc; path = CentralViewController.m; sourceTree = "<group>"; };
		63AFE76317EE468100D61ED4 /* Navio-beacon.app */ = {isa = PBXFileReference; explicitFileType = wrapper.application; includeInIndex = 0; path = "Navio-beacon.app"; sourceTree = BUILT_PRODUCTS_DIR; };
		63AFE76617EE468100D61ED4 /* Foundation.framework */ = {isa = PBXFileReference; lastKnownFileType = wrapper.framework; name = Foundation.framework; path = System/Library/Frameworks/Foundation.framework; sourceTree = SDKROOT; };
		63AFE76817EE468100D61ED4 /* CoreGraphics.framework */ = {isa = PBXFileReference; lastKnownFileType = wrapper.framework; name = CoreGraphics.framework; path = System/Library/Frameworks/CoreGraphics.framework; sourceTree = SDKROOT; };
		63AFE76A17EE468100D61ED4 /* UIKit.framework */ = {isa = PBXFileReference; lastKnownFileType = wrapper.framework; name = UIKit.framework; path = System/Library/Frameworks/UIKit.framework; sourceTree = SDKROOT; };
		63AFE76E17EE468100D61ED4 /* Navio-beacon-Info.plist */ = {isa = PBXFileReference; lastKnownFileType = text.plist.xml; path = "Navio-beacon-Info.plist"; sourceTree = "<group>"; };
		63AFE77017EE468100D61ED4 /* en */ = {isa = PBXFileReference; lastKnownFileType = text.plist.strings; name = en; path = en.lproj/InfoPlist.strings; sourceTree = "<group>"; };
		63AFE77217EE468100D61ED4 /* main.m */ = {isa = PBXFileReference; lastKnownFileType = sourcecode.c.objc; path = main.m; sourceTree = "<group>"; };
		63AFE77417EE468100D61ED4 /* Navio-beacon-Prefix.pch */ = {isa = PBXFileReference; lastKnownFileType = sourcecode.c.h; path = "Navio-beacon-Prefix.pch"; sourceTree = "<group>"; };
		63AFE77517EE468100D61ED4 /* NVAppDelegate.h */ = {isa = PBXFileReference; lastKnownFileType = sourcecode.c.h; path = NVAppDelegate.h; sourceTree = "<group>"; };
		63AFE77617EE468100D61ED4 /* NVAppDelegate.m */ = {isa = PBXFileReference; lastKnownFileType = sourcecode.c.objc; path = NVAppDelegate.m; sourceTree = "<group>"; };
		63AFE77917EE468100D61ED4 /* Base */ = {isa = PBXFileReference; lastKnownFileType = file.storyboard; name = Base; path = Base.lproj/Main_iPhone.storyboard; sourceTree = "<group>"; };
		63AFE77C17EE468100D61ED4 /* Base */ = {isa = PBXFileReference; lastKnownFileType = file.storyboard; name = Base; path = Base.lproj/Main_iPad.storyboard; sourceTree = "<group>"; };
		63AFE77E17EE468100D61ED4 /* NVViewController.h */ = {isa = PBXFileReference; lastKnownFileType = sourcecode.c.h; path = NVViewController.h; sourceTree = "<group>"; };
		63AFE77F17EE468100D61ED4 /* NVViewController.m */ = {isa = PBXFileReference; lastKnownFileType = sourcecode.c.objc; path = NVViewController.m; sourceTree = "<group>"; };
		63AFE78117EE468100D61ED4 /* Images.xcassets */ = {isa = PBXFileReference; lastKnownFileType = folder.assetcatalog; path = Images.xcassets; sourceTree = "<group>"; };
		63AFE78717EE468100D61ED4 /* Navio-beaconTests.xctest */ = {isa = PBXFileReference; explicitFileType = wrapper.cfbundle; includeInIndex = 0; path = "Navio-beaconTests.xctest"; sourceTree = BUILT_PRODUCTS_DIR; };
		63AFE78817EE468100D61ED4 /* XCTest.framework */ = {isa = PBXFileReference; lastKnownFileType = wrapper.framework; name = XCTest.framework; path = Library/Frameworks/XCTest.framework; sourceTree = DEVELOPER_DIR; };
		63AFE79017EE468100D61ED4 /* Navio-beaconTests-Info.plist */ = {isa = PBXFileReference; lastKnownFileType = text.plist.xml; path = "Navio-beaconTests-Info.plist"; sourceTree = "<group>"; };
		63AFE79217EE468100D61ED4 /* en */ = {isa = PBXFileReference; lastKnownFileType = text.plist.strings; name = en; path = en.lproj/InfoPlist.strings; sourceTree = "<group>"; };
		63AFE79417EE468100D61ED4 /* Navio_beaconTests.m */ = {isa = PBXFileReference; lastKnownFileType = sourcecode.c.objc; path = Navio_beaconTests.m; sourceTree = "<group>"; };
		63DE58ED17EE4FF100484C5F /* CoreBluetooth.framework */ = {isa = PBXFileReference; lastKnownFileType = wrapper.framework; name = CoreBluetooth.framework; path = System/Library/Frameworks/CoreBluetooth.framework; sourceTree = SDKROOT; };
		63DE58EF17EE4FF800484C5F /* CoreLocation.framework */ = {isa = PBXFileReference; lastKnownFileType = wrapper.framework; name = CoreLocation.framework; path = System/Library/Frameworks/CoreLocation.framework; sourceTree = SDKROOT; };
		63DE58F117EE505200484C5F /* BeaconViewController.h */ = {isa = PBXFileReference; fileEncoding = 4; lastKnownFileType = sourcecode.c.h; path = BeaconViewController.h; sourceTree = "<group>"; };
		63DE58F217EE505200484C5F /* BeaconViewController.m */ = {isa = PBXFileReference; fileEncoding = 4; lastKnownFileType = sourcecode.c.objc; path = BeaconViewController.m; sourceTree = "<group>"; };
		63DE58F817EE6FAC00484C5F /* LSU MAG graphic 640x1010.png */ = {isa = PBXFileReference; lastKnownFileType = image.png; path = "LSU MAG graphic 640x1010.png"; sourceTree = "<group>"; };
		63DE58FA17EE735300484C5F /* LSU MAG Graphic.jpg */ = {isa = PBXFileReference; lastKnownFileType = image.jpeg; path = "LSU MAG Graphic.jpg"; sourceTree = "<group>"; };
		63DE58FD17EE838200484C5F /* StoredUUID.xcdatamodel */ = {isa = PBXFileReference; lastKnownFileType = wrapper.xcdatamodel; path = StoredUUID.xcdatamodel; sourceTree = "<group>"; };
		63DE594017EE8ACE00484C5F /* CoreData.framework */ = {isa = PBXFileReference; lastKnownFileType = wrapper.framework; name = CoreData.framework; path = System/Library/Frameworks/CoreData.framework; sourceTree = SDKROOT; };
		63DE594217EE9BD700484C5F /* StoredUUID 2.xcdatamodel */ = {isa = PBXFileReference; lastKnownFileType = wrapper.xcdatamodel; path = "StoredUUID 2.xcdatamodel"; sourceTree = "<group>"; };
		63F4A91F1811E2DA00FF8F8B /* TriangluationViewController.h */ = {isa = PBXFileReference; fileEncoding = 4; lastKnownFileType = sourcecode.c.h; path = TriangluationViewController.h; sourceTree = "<group>"; };
		63F4A9201811E2DA00FF8F8B /* TriangluationViewController.m */ = {isa = PBXFileReference; fileEncoding = 4; lastKnownFileType = sourcecode.c.objc; path = TriangluationViewController.m; sourceTree = "<group>"; };
/* End PBXFileReference section */

/* Begin PBXFrameworksBuildPhase section */
		63AFE76017EE468100D61ED4 /* Frameworks */ = {
			isa = PBXFrameworksBuildPhase;
			buildActionMask = 2147483647;
			files = (
				634DE61817EF51DA004C2385 /* MessageUI.framework in Frameworks */,
				63DE594117EE8ACE00484C5F /* CoreData.framework in Frameworks */,
				63DE58F017EE4FF800484C5F /* CoreLocation.framework in Frameworks */,
				63DE58EE17EE4FF100484C5F /* CoreBluetooth.framework in Frameworks */,
				63AFE76917EE468100D61ED4 /* CoreGraphics.framework in Frameworks */,
				63AFE76B17EE468100D61ED4 /* UIKit.framework in Frameworks */,
				63AFE76717EE468100D61ED4 /* Foundation.framework in Frameworks */,
			);
			runOnlyForDeploymentPostprocessing = 0;
		};
		63AFE78417EE468100D61ED4 /* Frameworks */ = {
			isa = PBXFrameworksBuildPhase;
			buildActionMask = 2147483647;
			files = (
				63AFE78917EE468100D61ED4 /* XCTest.framework in Frameworks */,
				63AFE78B17EE468100D61ED4 /* UIKit.framework in Frameworks */,
				63AFE78A17EE468100D61ED4 /* Foundation.framework in Frameworks */,
			);
			runOnlyForDeploymentPostprocessing = 0;
		};
/* End PBXFrameworksBuildPhase section */

/* Begin PBXGroup section */
		63AFE75A17EE468100D61ED4 = {
			isa = PBXGroup;
			children = (
				63AFE76C17EE468100D61ED4 /* Navio-beacon */,
				63AFE78E17EE468100D61ED4 /* Navio-beaconTests */,
				63AFE76517EE468100D61ED4 /* Frameworks */,
				63AFE76417EE468100D61ED4 /* Products */,
			);
			sourceTree = "<group>";
		};
		63AFE76417EE468100D61ED4 /* Products */ = {
			isa = PBXGroup;
			children = (
				63AFE76317EE468100D61ED4 /* Navio-beacon.app */,
				63AFE78717EE468100D61ED4 /* Navio-beaconTests.xctest */,
			);
			name = Products;
			sourceTree = "<group>";
		};
		63AFE76517EE468100D61ED4 /* Frameworks */ = {
			isa = PBXGroup;
			children = (
				634DE61717EF51DA004C2385 /* MessageUI.framework */,
				63DE594017EE8ACE00484C5F /* CoreData.framework */,
				63DE58EF17EE4FF800484C5F /* CoreLocation.framework */,
				63DE58ED17EE4FF100484C5F /* CoreBluetooth.framework */,
				63AFE76617EE468100D61ED4 /* Foundation.framework */,
				63AFE76817EE468100D61ED4 /* CoreGraphics.framework */,
				63AFE76A17EE468100D61ED4 /* UIKit.framework */,
				63AFE78817EE468100D61ED4 /* XCTest.framework */,
			);
			name = Frameworks;
			sourceTree = "<group>";
		};
		63AFE76C17EE468100D61ED4 /* Navio-beacon */ = {
			isa = PBXGroup;
			children = (
				63AFE77517EE468100D61ED4 /* NVAppDelegate.h */,
				63AFE77617EE468100D61ED4 /* NVAppDelegate.m */,
				63AFE77817EE468100D61ED4 /* Main_iPhone.storyboard */,
				63AFE77B17EE468100D61ED4 /* Main_iPad.storyboard */,
				63DE58FC17EE838200484C5F /* StoredData.xcdatamodeld */,
				63DE58F417EE506500484C5F /* ViewControllers */,
				63AFE78117EE468100D61ED4 /* Images.xcassets */,
				63AFE76D17EE468100D61ED4 /* Supporting Files */,
			);
			path = "Navio-beacon";
			sourceTree = "<group>";
		};
		63AFE76D17EE468100D61ED4 /* Supporting Files */ = {
			isa = PBXGroup;
			children = (
				63DE58FA17EE735300484C5F /* LSU MAG Graphic.jpg */,
				63DE58F817EE6FAC00484C5F /* LSU MAG graphic 640x1010.png */,
				63AFE76E17EE468100D61ED4 /* Navio-beacon-Info.plist */,
				63AFE76F17EE468100D61ED4 /* InfoPlist.strings */,
				63AFE77217EE468100D61ED4 /* main.m */,
				63AFE77417EE468100D61ED4 /* Navio-beacon-Prefix.pch */,
			);
			name = "Supporting Files";
			sourceTree = "<group>";
		};
		63AFE78E17EE468100D61ED4 /* Navio-beaconTests */ = {
			isa = PBXGroup;
			children = (
				63AFE79417EE468100D61ED4 /* Navio_beaconTests.m */,
				63AFE78F17EE468100D61ED4 /* Supporting Files */,
			);
			path = "Navio-beaconTests";
			sourceTree = "<group>";
		};
		63AFE78F17EE468100D61ED4 /* Supporting Files */ = {
			isa = PBXGroup;
			children = (
				63AFE79017EE468100D61ED4 /* Navio-beaconTests-Info.plist */,
				63AFE79117EE468100D61ED4 /* InfoPlist.strings */,
			);
			name = "Supporting Files";
			sourceTree = "<group>";
		};
		63DE58F417EE506500484C5F /* ViewControllers */ = {
			isa = PBXGroup;
			children = (
				63AFE77E17EE468100D61ED4 /* NVViewController.h */,
				63AFE77F17EE468100D61ED4 /* NVViewController.m */,
				63DE58F117EE505200484C5F /* BeaconViewController.h */,
				63DE58F217EE505200484C5F /* BeaconViewController.m */,
				6395192F17FA47F100631AEA /* CentralViewController.h */,
				6395193017FA47F100631AEA /* CentralViewController.m */,
				63F4A91F1811E2DA00FF8F8B /* TriangluationViewController.h */,
				63F4A9201811E2DA00FF8F8B /* TriangluationViewController.m */,
			);
			name = ViewControllers;
			sourceTree = "<group>";
		};
/* End PBXGroup section */

/* Begin PBXNativeTarget section */
		63AFE76217EE468100D61ED4 /* Navio-beacon */ = {
			isa = PBXNativeTarget;
			buildConfigurationList = 63AFE79817EE468100D61ED4 /* Build configuration list for PBXNativeTarget "Navio-beacon" */;
			buildPhases = (
				63AFE75F17EE468100D61ED4 /* Sources */,
				63AFE76017EE468100D61ED4 /* Frameworks */,
				63AFE76117EE468100D61ED4 /* Resources */,
			);
			buildRules = (
			);
			dependencies = (
			);
			name = "Navio-beacon";
			productName = "Navio-beacon";
			productReference = 63AFE76317EE468100D61ED4 /* Navio-beacon.app */;
			productType = "com.apple.product-type.application";
		};
		63AFE78617EE468100D61ED4 /* Navio-beaconTests */ = {
			isa = PBXNativeTarget;
			buildConfigurationList = 63AFE79B17EE468100D61ED4 /* Build configuration list for PBXNativeTarget "Navio-beaconTests" */;
			buildPhases = (
				63AFE78317EE468100D61ED4 /* Sources */,
				63AFE78417EE468100D61ED4 /* Frameworks */,
				63AFE78517EE468100D61ED4 /* Resources */,
			);
			buildRules = (
			);
			dependencies = (
				63AFE78D17EE468100D61ED4 /* PBXTargetDependency */,
			);
			name = "Navio-beaconTests";
			productName = "Navio-beaconTests";
			productReference = 63AFE78717EE468100D61ED4 /* Navio-beaconTests.xctest */;
			productType = "com.apple.product-type.bundle.unit-test";
		};
/* End PBXNativeTarget section */

/* Begin PBXProject section */
		63AFE75B17EE468100D61ED4 /* Project object */ = {
			isa = PBXProject;
			attributes = {
				CLASSPREFIX = NV;
				LastUpgradeCheck = 0500;
				ORGANIZATIONNAME = "LSU|MAG";
				TargetAttributes = {
					63AFE76217EE468100D61ED4 = {
						DevelopmentTeam = Q5R36PBSB5;
					};
					63AFE78617EE468100D61ED4 = {
						TestTargetID = 63AFE76217EE468100D61ED4;
					};
				};
			};
			buildConfigurationList = 63AFE75E17EE468100D61ED4 /* Build configuration list for PBXProject "Navio-beacon" */;
			compatibilityVersion = "Xcode 3.2";
			developmentRegion = English;
			hasScannedForEncodings = 0;
			knownRegions = (
				en,
				Base,
			);
			mainGroup = 63AFE75A17EE468100D61ED4;
			productRefGroup = 63AFE76417EE468100D61ED4 /* Products */;
			projectDirPath = "";
			projectRoot = "";
			targets = (
				63AFE76217EE468100D61ED4 /* Navio-beacon */,
				63AFE78617EE468100D61ED4 /* Navio-beaconTests */,
			);
		};
/* End PBXProject section */

/* Begin PBXResourcesBuildPhase section */
		63AFE76117EE468100D61ED4 /* Resources */ = {
			isa = PBXResourcesBuildPhase;
			buildActionMask = 2147483647;
			files = (
				63AFE77D17EE468100D61ED4 /* Main_iPad.storyboard in Resources */,
				63DE58FB17EE735300484C5F /* LSU MAG Graphic.jpg in Resources */,
				63AFE78217EE468100D61ED4 /* Images.xcassets in Resources */,
				63AFE77A17EE468100D61ED4 /* Main_iPhone.storyboard in Resources */,
				63DE58F917EE6FAC00484C5F /* LSU MAG graphic 640x1010.png in Resources */,
				63AFE77117EE468100D61ED4 /* InfoPlist.strings in Resources */,
			);
			runOnlyForDeploymentPostprocessing = 0;
		};
		63AFE78517EE468100D61ED4 /* Resources */ = {
			isa = PBXResourcesBuildPhase;
			buildActionMask = 2147483647;
			files = (
				63AFE79317EE468100D61ED4 /* InfoPlist.strings in Resources */,
			);
			runOnlyForDeploymentPostprocessing = 0;
		};
/* End PBXResourcesBuildPhase section */

/* Begin PBXSourcesBuildPhase section */
		63AFE75F17EE468100D61ED4 /* Sources */ = {
			isa = PBXSourcesBuildPhase;
			buildActionMask = 2147483647;
			files = (
				63F4A9211811E2DA00FF8F8B /* TriangluationViewController.m in Sources */,
				63DE58F317EE505200484C5F /* BeaconViewController.m in Sources */,
				63AFE78017EE468100D61ED4 /* NVViewController.m in Sources */,
				6395193117FA47F100631AEA /* CentralViewController.m in Sources */,
				63AFE77717EE468100D61ED4 /* NVAppDelegate.m in Sources */,
				63DE58FE17EE838200484C5F /* StoredData.xcdatamodeld in Sources */,
				63AFE77317EE468100D61ED4 /* main.m in Sources */,
			);
			runOnlyForDeploymentPostprocessing = 0;
		};
		63AFE78317EE468100D61ED4 /* Sources */ = {
			isa = PBXSourcesBuildPhase;
			buildActionMask = 2147483647;
			files = (
				63AFE79517EE468100D61ED4 /* Navio_beaconTests.m in Sources */,
			);
			runOnlyForDeploymentPostprocessing = 0;
		};
/* End PBXSourcesBuildPhase section */

/* Begin PBXTargetDependency section */
		63AFE78D17EE468100D61ED4 /* PBXTargetDependency */ = {
			isa = PBXTargetDependency;
			target = 63AFE76217EE468100D61ED4 /* Navio-beacon */;
			targetProxy = 63AFE78C17EE468100D61ED4 /* PBXContainerItemProxy */;
		};
/* End PBXTargetDependency section */

/* Begin PBXVariantGroup section */
		63AFE76F17EE468100D61ED4 /* InfoPlist.strings */ = {
			isa = PBXVariantGroup;
			children = (
				63AFE77017EE468100D61ED4 /* en */,
			);
			name = InfoPlist.strings;
			sourceTree = "<group>";
		};
		63AFE77817EE468100D61ED4 /* Main_iPhone.storyboard */ = {
			isa = PBXVariantGroup;
			children = (
				63AFE77917EE468100D61ED4 /* Base */,
			);
			name = Main_iPhone.storyboard;
			sourceTree = "<group>";
		};
		63AFE77B17EE468100D61ED4 /* Main_iPad.storyboard */ = {
			isa = PBXVariantGroup;
			children = (
				63AFE77C17EE468100D61ED4 /* Base */,
			);
			name = Main_iPad.storyboard;
			sourceTree = "<group>";
		};
		63AFE79117EE468100D61ED4 /* InfoPlist.strings */ = {
			isa = PBXVariantGroup;
			children = (
				63AFE79217EE468100D61ED4 /* en */,
			);
			name = InfoPlist.strings;
			sourceTree = "<group>";
		};
/* End PBXVariantGroup section */

/* Begin XCBuildConfiguration section */
		63AFE79617EE468100D61ED4 /* Debug */ = {
			isa = XCBuildConfiguration;
			buildSettings = {
				ALWAYS_SEARCH_USER_PATHS = NO;
				ARCHS = "$(ARCHS_STANDARD_INCLUDING_64_BIT)";
				CLANG_CXX_LANGUAGE_STANDARD = "gnu++0x";
				CLANG_CXX_LIBRARY = "libc++";
				CLANG_ENABLE_MODULES = YES;
				CLANG_ENABLE_OBJC_ARC = YES;
				CLANG_WARN_BOOL_CONVERSION = YES;
				CLANG_WARN_CONSTANT_CONVERSION = YES;
				CLANG_WARN_DIRECT_OBJC_ISA_USAGE = YES_ERROR;
				CLANG_WARN_EMPTY_BODY = YES;
				CLANG_WARN_ENUM_CONVERSION = YES;
				CLANG_WARN_INT_CONVERSION = YES;
				CLANG_WARN_OBJC_ROOT_CLASS = YES_ERROR;
				CLANG_WARN__DUPLICATE_METHOD_MATCH = YES;
				"CODE_SIGN_IDENTITY[sdk=iphoneos*]" = "iPhone Developer";
				COPY_PHASE_STRIP = NO;
				GCC_C_LANGUAGE_STANDARD = gnu99;
				GCC_DYNAMIC_NO_PIC = NO;
				GCC_OPTIMIZATION_LEVEL = 0;
				GCC_PREPROCESSOR_DEFINITIONS = (
					"DEBUG=1",
					"$(inherited)",
				);
				GCC_SYMBOLS_PRIVATE_EXTERN = NO;
				GCC_WARN_64_TO_32_BIT_CONVERSION = YES;
				GCC_WARN_ABOUT_RETURN_TYPE = YES_ERROR;
				GCC_WARN_UNDECLARED_SELECTOR = YES;
				GCC_WARN_UNINITIALIZED_AUTOS = YES;
				GCC_WARN_UNUSED_FUNCTION = YES;
				GCC_WARN_UNUSED_VARIABLE = YES;
				IPHONEOS_DEPLOYMENT_TARGET = 7.0;
				ONLY_ACTIVE_ARCH = YES;
				SDKROOT = iphoneos;
				TARGETED_DEVICE_FAMILY = "1,2";
			};
			name = Debug;
		};
		63AFE79717EE468100D61ED4 /* Release */ = {
			isa = XCBuildConfiguration;
			buildSettings = {
				ALWAYS_SEARCH_USER_PATHS = NO;
				ARCHS = "$(ARCHS_STANDARD_INCLUDING_64_BIT)";
				CLANG_CXX_LANGUAGE_STANDARD = "gnu++0x";
				CLANG_CXX_LIBRARY = "libc++";
				CLANG_ENABLE_MODULES = YES;
				CLANG_ENABLE_OBJC_ARC = YES;
				CLANG_WARN_BOOL_CONVERSION = YES;
				CLANG_WARN_CONSTANT_CONVERSION = YES;
				CLANG_WARN_DIRECT_OBJC_ISA_USAGE = YES_ERROR;
				CLANG_WARN_EMPTY_BODY = YES;
				CLANG_WARN_ENUM_CONVERSION = YES;
				CLANG_WARN_INT_CONVERSION = YES;
				CLANG_WARN_OBJC_ROOT_CLASS = YES_ERROR;
				CLANG_WARN__DUPLICATE_METHOD_MATCH = YES;
				"CODE_SIGN_IDENTITY[sdk=iphoneos*]" = "iPhone Developer";
				COPY_PHASE_STRIP = YES;
				ENABLE_NS_ASSERTIONS = NO;
				GCC_C_LANGUAGE_STANDARD = gnu99;
				GCC_WARN_64_TO_32_BIT_CONVERSION = YES;
				GCC_WARN_ABOUT_RETURN_TYPE = YES_ERROR;
				GCC_WARN_UNDECLARED_SELECTOR = YES;
				GCC_WARN_UNINITIALIZED_AUTOS = YES;
				GCC_WARN_UNUSED_FUNCTION = YES;
				GCC_WARN_UNUSED_VARIABLE = YES;
				IPHONEOS_DEPLOYMENT_TARGET = 7.0;
				SDKROOT = iphoneos;
				TARGETED_DEVICE_FAMILY = "1,2";
				VALIDATE_PRODUCT = YES;
			};
			name = Release;
		};
		63AFE79917EE468100D61ED4 /* Debug */ = {
			isa = XCBuildConfiguration;
			buildSettings = {
				ASSETCATALOG_COMPILER_APPICON_NAME = AppIcon;
				ASSETCATALOG_COMPILER_LAUNCHIMAGE_NAME = LaunchImage;
				CODE_SIGN_IDENTITY = "iPhone Developer";
				"CODE_SIGN_IDENTITY[sdk=iphoneos*]" = "iPhone Developer";
				GCC_PRECOMPILE_PREFIX_HEADER = YES;
				GCC_PREFIX_HEADER = "Navio-beacon/Navio-beacon-Prefix.pch";
				INFOPLIST_FILE = "Navio-beacon/Navio-beacon-Info.plist";
				PRODUCT_NAME = "$(TARGET_NAME)";
				PROVISIONING_PROFILE = "";
				TARGETED_DEVICE_FAMILY = 1;
				WRAPPER_EXTENSION = app;
			};
			name = Debug;
		};
		63AFE79A17EE468100D61ED4 /* Release */ = {
			isa = XCBuildConfiguration;
			buildSettings = {
				ASSETCATALOG_COMPILER_APPICON_NAME = AppIcon;
				ASSETCATALOG_COMPILER_LAUNCHIMAGE_NAME = LaunchImage;
				CODE_SIGN_IDENTITY = "iPhone Developer";
				"CODE_SIGN_IDENTITY[sdk=iphoneos*]" = "iPhone Developer";
				GCC_PRECOMPILE_PREFIX_HEADER = YES;
				GCC_PREFIX_HEADER = "Navio-beacon/Navio-beacon-Prefix.pch";
				INFOPLIST_FILE = "Navio-beacon/Navio-beacon-Info.plist";
				PRODUCT_NAME = "$(TARGET_NAME)";
				PROVISIONING_PROFILE = "";
				TARGETED_DEVICE_FAMILY = 1;
				WRAPPER_EXTENSION = app;
			};
			name = Release;
		};
		63AFE79C17EE468100D61ED4 /* Debug */ = {
			isa = XCBuildConfiguration;
			buildSettings = {
				ARCHS = "$(ARCHS_STANDARD_INCLUDING_64_BIT)";
				BUNDLE_LOADER = "$(BUILT_PRODUCTS_DIR)/Navio-beacon.app/Navio-beacon";
				FRAMEWORK_SEARCH_PATHS = (
					"$(SDKROOT)/Developer/Library/Frameworks",
					"$(inherited)",
					"$(DEVELOPER_FRAMEWORKS_DIR)",
				);
				GCC_PRECOMPILE_PREFIX_HEADER = YES;
				GCC_PREFIX_HEADER = "Navio-beacon/Navio-beacon-Prefix.pch";
				GCC_PREPROCESSOR_DEFINITIONS = (
					"DEBUG=1",
					"$(inherited)",
				);
				INFOPLIST_FILE = "Navio-beaconTests/Navio-beaconTests-Info.plist";
				PRODUCT_NAME = "$(TARGET_NAME)";
				TEST_HOST = "$(BUNDLE_LOADER)";
				WRAPPER_EXTENSION = xctest;
			};
			name = Debug;
		};
		63AFE79D17EE468100D61ED4 /* Release */ = {
			isa = XCBuildConfiguration;
			buildSettings = {
				ARCHS = "$(ARCHS_STANDARD_INCLUDING_64_BIT)";
				BUNDLE_LOADER = "$(BUILT_PRODUCTS_DIR)/Navio-beacon.app/Navio-beacon";
				FRAMEWORK_SEARCH_PATHS = (
					"$(SDKROOT)/Developer/Library/Frameworks",
					"$(inherited)",
					"$(DEVELOPER_FRAMEWORKS_DIR)",
				);
				GCC_PRECOMPILE_PREFIX_HEADER = YES;
				GCC_PREFIX_HEADER = "Navio-beacon/Navio-beacon-Prefix.pch";
				INFOPLIST_FILE = "Navio-beaconTests/Navio-beaconTests-Info.plist";
				PRODUCT_NAME = "$(TARGET_NAME)";
				TEST_HOST = "$(BUNDLE_LOADER)";
				WRAPPER_EXTENSION = xctest;
			};
			name = Release;
		};
/* End XCBuildConfiguration section */

/* Begin XCConfigurationList section */
		63AFE75E17EE468100D61ED4 /* Build configuration list for PBXProject "Navio-beacon" */ = {
			isa = XCConfigurationList;
			buildConfigurations = (
				63AFE79617EE468100D61ED4 /* Debug */,
				63AFE79717EE468100D61ED4 /* Release */,
			);
			defaultConfigurationIsVisible = 0;
			defaultConfigurationName = Release;
		};
		63AFE79817EE468100D61ED4 /* Build configuration list for PBXNativeTarget "Navio-beacon" */ = {
			isa = XCConfigurationList;
			buildConfigurations = (
				63AFE79917EE468100D61ED4 /* Debug */,
				63AFE79A17EE468100D61ED4 /* Release */,
			);
			defaultConfigurationIsVisible = 0;
			defaultConfigurationName = Release;
		};
		63AFE79B17EE468100D61ED4 /* Build configuration list for PBXNativeTarget "Navio-beaconTests" */ = {
			isa = XCConfigurationList;
			buildConfigurations = (
				63AFE79C17EE468100D61ED4 /* Debug */,
				63AFE79D17EE468100D61ED4 /* Release */,
			);
			defaultConfigurationIsVisible = 0;
			defaultConfigurationName = Release;
		};
/* End XCConfigurationList section */

/* Begin XCVersionGroup section */
		63DE58FC17EE838200484C5F /* StoredData.xcdatamodeld */ = {
			isa = XCVersionGroup;
			children = (
				63DE594217EE9BD700484C5F /* StoredUUID 2.xcdatamodel */,
				63DE58FD17EE838200484C5F /* StoredUUID.xcdatamodel */,
			);
			currentVersion = 63DE58FD17EE838200484C5F /* StoredUUID.xcdatamodel */;
			path = StoredData.xcdatamodeld;
			sourceTree = "<group>";
			versionGroupType = wrapper.xcdatamodel;
		};
/* End XCVersionGroup section */
	};
	rootObject = 63AFE75B17EE468100D61ED4 /* Project object */;
}
